
Microsoft Visual Studio Solution File, Format Version 12.00
# Visual Studio Version 16
VisualStudioVersion = 16.0.32228.343
MinimumVisualStudioVersion = 10.0.40219.1
Project("{FAE04EC0-301F-11D3-BF4B-00C04F79EFBC}") = "DapperAPI", "DapperAPI\DapperAPI.csproj", "{6859AC33-4437-4343-A8CE-94B6E9E156D2}"
EndProject
Global
	GlobalSection(SolutionConfigurationPlatforms) = preSolution
		Debug|Any CPU = Debug|Any CPU
		Release|Any CPU = Release|Any CPU
	EndGlobalSection
	GlobalSection(ProjectConfigurationPlatforms) = postSolution
		{6859AC33-4437-4343-A8CE-94B6E9E156D2}.Debug|Any CPU.ActiveCfg = Debug|Any CPU
		{6859AC33-4437-4343-A8CE-94B6E9E156D2}.Debug|Any CPU.Build.0 = Debug|Any CPU
		{6859AC33-4437-4343-A8CE-94B6E9E156D2}.Release|Any CPU.ActiveCfg = Release|Any CPU
		{6859AC33-4437-4343-A8CE-94B6E9E156D2}.Release|Any CPU.Build.0 = Release|Any CPU
	EndGlobalSection
	GlobalSection(SolutionProperties) = preSolution
		HideSolutionNode = FALSE
	EndGlobalSection
	GlobalSection(ExtensibilityGlobals) = postSolution
		SolutionGuid = {AED7E604-45F4-46C3-B7BD-3D7BE2143042}
	EndGlobalSection
EndGlobal
